
Microsoft Visual Studio Solution File, Format Version 12.00
# Visual Studio Version 17
VisualStudioVersion = 17.0.31903.59
MinimumVisualStudioVersion = 10.0.40219.1
Project("{2150E333-8FDC-42A3-9474-1A3956D46DE8}") = "src", "src", "{827E0CD3-B72D-47B6-A68D-7590B98EB39B}"
EndProject
Project("{FAE04EC0-301F-11D3-BF4B-00C04F79EFBC}") = "WsdlExMachina.Parser", "src\WsdlExMachina.Parser\WsdlExMachina.Parser.csproj", "{D391AA05-551A-41BD-BC34-A538798048F8}"
EndProject
Project("{FAE04EC0-301F-11D3-BF4B-00C04F79EFBC}") = "WsdlExMachina.Generator", "src\WsdlExMachina.Generator\WsdlExMachina.Generator.csproj", "{78EF7A6A-9741-4370-B993-FD8D6FD129E3}"
EndProject
Project("{FAE04EC0-301F-11D3-BF4B-00C04F79EFBC}") = "WsdlExMachina.Cli", "src\WsdlExMachina.Cli\WsdlExMachina.Cli.csproj", "{4CEEF811-3E00-4152-9CD4-A93FC32656A9}"
EndProject
Project("{FAE04EC0-301F-11D3-BF4B-00C04F79EFBC}") = "WsdlExMachina.Parser.Tests", "test\WsdlExMachina.Parser.Tests\WsdlExMachina.Parser.Tests.csproj", "{B40298E0-C3C1-46F1-9D05-C0DDC6A7817C}"
EndProject
Project("{FAE04EC0-301F-11D3-BF4B-00C04F79EFBC}") = "WsdlExMachina.Generator.Tests", "test\WsdlExMachina.Generator.Tests\WsdlExMachina.Generator.Tests.csproj", "{AAF0EDAB-359D-4F4A-87C6-3A513D1CF450}"
EndProject
Project("{FAE04EC0-301F-11D3-BF4B-00C04F79EFBC}") = "WsdlExMachina.Cli.Tests", "test\WsdlExMachina.Cli.Tests\WsdlExMachina.Cli.Tests.csproj", "{E9058B00-1634-41EF-83CB-A988A874C73B}"
EndProject
Project("{FAE04EC0-301F-11D3-BF4B-00C04F79EFBC}") = "WsdlExMachina.IntegrationTests", "test\WsdlExMachina.IntegrationTests\WsdlExMachina.IntegrationTests.csproj", "{6D8E2A07-374D-4152-9FA5-DF09119795F6}"
EndProject
Global
	GlobalSection(SolutionConfigurationPlatforms) = preSolution
		Debug|Any CPU = Debug|Any CPU
		Debug|x64 = Debug|x64
		Debug|x86 = Debug|x86
		Release|Any CPU = Release|Any CPU
		Release|x64 = Release|x64
		Release|x86 = Release|x86
	EndGlobalSection
	GlobalSection(ProjectConfigurationPlatforms) = postSolution
		{D391AA05-551A-41BD-BC34-A538798048F8}.Debug|Any CPU.ActiveCfg = Debug|Any CPU
		{D391AA05-551A-41BD-BC34-A538798048F8}.Debug|Any CPU.Build.0 = Debug|Any CPU
		{D391AA05-551A-41BD-BC34-A538798048F8}.Debug|x64.ActiveCfg = Debug|Any CPU
		{D391AA05-551A-41BD-BC34-A538798048F8}.Debug|x64.Build.0 = Debug|Any CPU
		{D391AA05-551A-41BD-BC34-A538798048F8}.Debug|x86.ActiveCfg = Debug|Any CPU
		{D391AA05-551A-41BD-BC34-A538798048F8}.Debug|x86.Build.0 = Debug|Any CPU
		{D391AA05-551A-41BD-BC34-A538798048F8}.Release|Any CPU.ActiveCfg = Release|Any CPU
		{D391AA05-551A-41BD-BC34-A538798048F8}.Release|Any CPU.Build.0 = Release|Any CPU
		{D391AA05-551A-41BD-BC34-A538798048F8}.Release|x64.ActiveCfg = Release|Any CPU
		{D391AA05-551A-41BD-BC34-A538798048F8}.Release|x64.Build.0 = Release|Any CPU
		{D391AA05-551A-41BD-BC34-A538798048F8}.Release|x86.ActiveCfg = Release|Any CPU
		{D391AA05-551A-41BD-BC34-A538798048F8}.Release|x86.Build.0 = Release|Any CPU
		{78EF7A6A-9741-4370-B993-FD8D6FD129E3}.Debug|Any CPU.ActiveCfg = Debug|Any CPU
		{78EF7A6A-9741-4370-B993-FD8D6FD129E3}.Debug|Any CPU.Build.0 = Debug|Any CPU
		{78EF7A6A-9741-4370-B993-FD8D6FD129E3}.Debug|x64.ActiveCfg = Debug|Any CPU
		{78EF7A6A-9741-4370-B993-FD8D6FD129E3}.Debug|x64.Build.0 = Debug|Any CPU
		{78EF7A6A-9741-4370-B993-FD8D6FD129E3}.Debug|x86.ActiveCfg = Debug|Any CPU
		{78EF7A6A-9741-4370-B993-FD8D6FD129E3}.Debug|x86.Build.0 = Debug|Any CPU
		{78EF7A6A-9741-4370-B993-FD8D6FD129E3}.Release|Any CPU.ActiveCfg = Release|Any CPU
		{78EF7A6A-9741-4370-B993-FD8D6FD129E3}.Release|Any CPU.Build.0 = Release|Any CPU
		{78EF7A6A-9741-4370-B993-FD8D6FD129E3}.Release|x64.ActiveCfg = Release|Any CPU
		{78EF7A6A-9741-4370-B993-FD8D6FD129E3}.Release|x64.Build.0 = Release|Any CPU
		{78EF7A6A-9741-4370-B993-FD8D6FD129E3}.Release|x86.ActiveCfg = Release|Any CPU
		{78EF7A6A-9741-4370-B993-FD8D6FD129E3}.Release|x86.Build.0 = Release|Any CPU
		{4CEEF811-3E00-4152-9CD4-A93FC32656A9}.Debug|Any CPU.ActiveCfg = Debug|Any CPU
		{4CEEF811-3E00-4152-9CD4-A93FC32656A9}.Debug|Any CPU.Build.0 = Debug|Any CPU
		{4CEEF811-3E00-4152-9CD4-A93FC32656A9}.Debug|x64.ActiveCfg = Debug|Any CPU
		{4CEEF811-3E00-4152-9CD4-A93FC32656A9}.Debug|x64.Build.0 = Debug|Any CPU
		{4CEEF811-3E00-4152-9CD4-A93FC32656A9}.Debug|x86.ActiveCfg = Debug|Any CPU
		{4CEEF811-3E00-4152-9CD4-A93FC32656A9}.Debug|x86.Build.0 = Debug|Any CPU
		{4CEEF811-3E00-4152-9CD4-A93FC32656A9}.Release|Any CPU.ActiveCfg = Release|Any CPU
		{4CEEF811-3E00-4152-9CD4-A93FC32656A9}.Release|Any CPU.Build.0 = Release|Any CPU
		{4CEEF811-3E00-4152-9CD4-A93FC32656A9}.Release|x64.ActiveCfg = Release|Any CPU
		{4CEEF811-3E00-4152-9CD4-A93FC32656A9}.Release|x64.Build.0 = Release|Any CPU
		{4CEEF811-3E00-4152-9CD4-A93FC32656A9}.Release|x86.ActiveCfg = Release|Any CPU
		{4CEEF811-3E00-4152-9CD4-A93FC32656A9}.Release|x86.Build.0 = Release|Any CPU
		{B40298E0-C3C1-46F1-9D05-C0DDC6A7817C}.Debug|Any CPU.ActiveCfg = Debug|Any CPU
		{B40298E0-C3C1-46F1-9D05-C0DDC6A7817C}.Debug|Any CPU.Build.0 = Debug|Any CPU
		{B40298E0-C3C1-46F1-9D05-C0DDC6A7817C}.Debug|x64.ActiveCfg = Debug|Any CPU
		{B40298E0-C3C1-46F1-9D05-C0DDC6A7817C}.Debug|x64.Build.0 = Debug|Any CPU
		{B40298E0-C3C1-46F1-9D05-C0DDC6A7817C}.Debug|x86.ActiveCfg = Debug|Any CPU
		{B40298E0-C3C1-46F1-9D05-C0DDC6A7817C}.Debug|x86.Build.0 = Debug|Any CPU
		{B40298E0-C3C1-46F1-9D05-C0DDC6A7817C}.Release|Any CPU.ActiveCfg = Release|Any CPU
		{B40298E0-C3C1-46F1-9D05-C0DDC6A7817C}.Release|Any CPU.Build.0 = Release|Any CPU
		{B40298E0-C3C1-46F1-9D05-C0DDC6A7817C}.Release|x64.ActiveCfg = Release|Any CPU
		{B40298E0-C3C1-46F1-9D05-C0DDC6A7817C}.Release|x64.Build.0 = Release|Any CPU
		{B40298E0-C3C1-46F1-9D05-C0DDC6A7817C}.Release|x86.ActiveCfg = Release|Any CPU
		{B40298E0-C3C1-46F1-9D05-C0DDC6A7817C}.Release|x86.Build.0 = Release|Any CPU
		{AAF0EDAB-359D-4F4A-87C6-3A513D1CF450}.Debug|Any CPU.ActiveCfg = Debug|Any CPU
		{AAF0EDAB-359D-4F4A-87C6-3A513D1CF450}.Debug|Any CPU.Build.0 = Debug|Any CPU
		{AAF0EDAB-359D-4F4A-87C6-3A513D1CF450}.Debug|x64.ActiveCfg = Debug|Any CPU
		{AAF0EDAB-359D-4F4A-87C6-3A513D1CF450}.Debug|x64.Build.0 = Debug|Any CPU
		{AAF0EDAB-359D-4F4A-87C6-3A513D1CF450}.Debug|x86.ActiveCfg = Debug|Any CPU
		{AAF0EDAB-359D-4F4A-87C6-3A513D1CF450}.Debug|x86.Build.0 = Debug|Any CPU
		{AAF0EDAB-359D-4F4A-87C6-3A513D1CF450}.Release|Any CPU.ActiveCfg = Release|Any CPU
		{AAF0EDAB-359D-4F4A-87C6-3A513D1CF450}.Release|Any CPU.Build.0 = Release|Any CPU
		{AAF0EDAB-359D-4F4A-87C6-3A513D1CF450}.Release|x64.ActiveCfg = Release|Any CPU
		{AAF0EDAB-359D-4F4A-87C6-3A513D1CF450}.Release|x64.Build.0 = Release|Any CPU
		{AAF0EDAB-359D-4F4A-87C6-3A513D1CF450}.Release|x86.ActiveCfg = Release|Any CPU
		{AAF0EDAB-359D-4F4A-87C6-3A513D1CF450}.Release|x86.Build.0 = Release|Any CPU
		{E9058B00-1634-41EF-83CB-A988A874C73B}.Debug|Any CPU.ActiveCfg = Debug|Any CPU
		{E9058B00-1634-41EF-83CB-A988A874C73B}.Debug|Any CPU.Build.0 = Debug|Any CPU
		{E9058B00-1634-41EF-83CB-A988A874C73B}.Debug|x64.ActiveCfg = Debug|Any CPU
		{E9058B00-1634-41EF-83CB-A988A874C73B}.Debug|x64.Build.0 = Debug|Any CPU
		{E9058B00-1634-41EF-83CB-A988A874C73B}.Debug|x86.ActiveCfg = Debug|Any CPU
		{E9058B00-1634-41EF-83CB-A988A874C73B}.Debug|x86.Build.0 = Debug|Any CPU
		{E9058B00-1634-41EF-83CB-A988A874C73B}.Release|Any CPU.ActiveCfg = Release|Any CPU
		{E9058B00-1634-41EF-83CB-A988A874C73B}.Release|Any CPU.Build.0 = Release|Any CPU
		{E9058B00-1634-41EF-83CB-A988A874C73B}.Release|x64.ActiveCfg = Release|Any CPU
		{E9058B00-1634-41EF-83CB-A988A874C73B}.Release|x64.Build.0 = Release|Any CPU
		{E9058B00-1634-41EF-83CB-A988A874C73B}.Release|x86.ActiveCfg = Release|Any CPU
		{E9058B00-1634-41EF-83CB-A988A874C73B}.Release|x86.Build.0 = Release|Any CPU
		{6D8E2A07-374D-4152-9FA5-DF09119795F6}.Debug|Any CPU.ActiveCfg = Debug|Any CPU
		{6D8E2A07-374D-4152-9FA5-DF09119795F6}.Debug|Any CPU.Build.0 = Debug|Any CPU
		{6D8E2A07-374D-4152-9FA5-DF09119795F6}.Debug|x64.ActiveCfg = Debug|Any CPU
		{6D8E2A07-374D-4152-9FA5-DF09119795F6}.Debug|x64.Build.0 = Debug|Any CPU
		{6D8E2A07-374D-4152-9FA5-DF09119795F6}.Debug|x86.ActiveCfg = Debug|Any CPU
		{6D8E2A07-374D-4152-9FA5-DF09119795F6}.Debug|x86.Build.0 = Debug|Any CPU
		{6D8E2A07-374D-4152-9FA5-DF09119795F6}.Release|Any CPU.ActiveCfg = Release|Any CPU
		{6D8E2A07-374D-4152-9FA5-DF09119795F6}.Release|Any CPU.Build.0 = Release|Any CPU
		{6D8E2A07-374D-4152-9FA5-DF09119795F6}.Release|x64.ActiveCfg = Release|Any CPU
		{6D8E2A07-374D-4152-9FA5-DF09119795F6}.Release|x64.Build.0 = Release|Any CPU
		{6D8E2A07-374D-4152-9FA5-DF09119795F6}.Release|x86.ActiveCfg = Release|Any CPU
		{6D8E2A07-374D-4152-9FA5-DF09119795F6}.Release|x86.Build.0 = Release|Any CPU
	EndGlobalSection
	GlobalSection(SolutionProperties) = preSolution
		HideSolutionNode = FALSE
	EndGlobalSection
	GlobalSection(NestedProjects) = preSolution
		{D391AA05-551A-41BD-BC34-A538798048F8} = {827E0CD3-B72D-47B6-A68D-7590B98EB39B}
		{78EF7A6A-9741-4370-B993-FD8D6FD129E3} = {827E0CD3-B72D-47B6-A68D-7590B98EB39B}
		{4CEEF811-3E00-4152-9CD4-A93FC32656A9} = {827E0CD3-B72D-47B6-A68D-7590B98EB39B}
		{B40298E0-C3C1-46F1-9D05-C0DDC6A7817C} = {827E0CD3-B72D-47B6-A68D-7590B98EB39B}
		{AAF0EDAB-359D-4F4A-87C6-3A513D1CF450} = {827E0CD3-B72D-47B6-A68D-7590B98EB39B}
		{E9058B00-1634-41EF-83CB-A988A874C73B} = {827E0CD3-B72D-47B6-A68D-7590B98EB39B}
		{6D8E2A07-374D-4152-9FA5-DF09119795F6} = {827E0CD3-B72D-47B6-A68D-7590B98EB39B}
	EndGlobalSection
EndGlobal
